
Microsoft Visual Studio Solution File, Format Version 12.00
# Visual Studio 15
Project("{FAE04EC0-301F-11D3-BF4B-00C04F79EFBC}") = "Assembly-CSharp", "Assembly-CSharp.csproj", "{61CBF58E-CBCF-1A91-9ABC-1CF1258BADCC}"
EndProject
Project("{FAE04EC0-301F-11D3-BF4B-00C04F79EFBC}") = "Assembly-CSharp-Editor", "Assembly-CSharp-Editor.csproj", "{510167CC-E2A4-CE99-3380-62547607505B}"
EndProject
Global
	GlobalSection(SolutionConfigurationPlatforms) = preSolution
		Debug|Any CPU = Debug|Any CPU
		Release|Any CPU = Release|Any CPU
	EndGlobalSection
	GlobalSection(ProjectConfigurationPlatforms) = postSolution
		{61CBF58E-CBCF-1A91-9ABC-1CF1258BADCC}.Debug|Any CPU.ActiveCfg = Debug|Any CPU
		{61CBF58E-CBCF-1A91-9ABC-1CF1258BADCC}.Debug|Any CPU.Build.0 = Debug|Any CPU
		{61CBF58E-CBCF-1A91-9ABC-1CF1258BADCC}.Release|Any CPU.ActiveCfg = Release|Any CPU
		{61CBF58E-CBCF-1A91-9ABC-1CF1258BADCC}.Release|Any CPU.Build.0 = Release|Any CPU
		{510167CC-E2A4-CE99-3380-62547607505B}.Debug|Any CPU.ActiveCfg = Debug|Any CPU
		{510167CC-E2A4-CE99-3380-62547607505B}.Debug|Any CPU.Build.0 = Debug|Any CPU
		{510167CC-E2A4-CE99-3380-62547607505B}.Release|Any CPU.ActiveCfg = Release|Any CPU
		{510167CC-E2A4-CE99-3380-62547607505B}.Release|Any CPU.Build.0 = Release|Any CPU
	EndGlobalSection
	GlobalSection(SolutionProperties) = preSolution
		HideSolutionNode = FALSE
	EndGlobalSection
EndGlobal
